
Microsoft Visual Studio Solution File, Format Version 12.00
# Visual Studio Version 17
VisualStudioVersion = 17.2.32616.157
MinimumVisualStudioVersion = 10.0.40219.1
Project("{FAE04EC0-301F-11D3-BF4B-00C04F79EFBC}") = "turagenstvo2", "turagenstvo2.csproj", "{76E78354-1FA9-4301-AEE4-8C369E47DBC6}"
EndProject
Global
	GlobalSection(SolutionConfigurationPlatforms) = preSolution
		Debug|Any CPU = Debug|Any CPU
		Release|Any CPU = Release|Any CPU
	EndGlobalSection
	GlobalSection(ProjectConfigurationPlatforms) = postSolution
		{76E78354-1FA9-4301-AEE4-8C369E47DBC6}.Debug|Any CPU.ActiveCfg = Debug|Any CPU
		{76E78354-1FA9-4301-AEE4-8C369E47DBC6}.Debug|Any CPU.Build.0 = Debug|Any CPU
		{76E78354-1FA9-4301-AEE4-8C369E47DBC6}.Release|Any CPU.ActiveCfg = Release|Any CPU
		{76E78354-1FA9-4301-AEE4-8C369E47DBC6}.Release|Any CPU.Build.0 = Release|Any CPU
	EndGlobalSection
	GlobalSection(SolutionProperties) = preSolution
		HideSolutionNode = FALSE
	EndGlobalSection
	GlobalSection(ExtensibilityGlobals) = postSolution
		SolutionGuid = {4FC40FE4-C489-4459-93D8-32C3E28FC568}
	EndGlobalSection
EndGlobal
